
Microsoft Visual Studio Solution File, Format Version 12.00
# Visual Studio Version 17
VisualStudioVersion = 17.0.31903.59
MinimumVisualStudioVersion = 10.0.40219.1
Project("{FAE04EC0-301F-11D3-BF4B-00C04F79EFBC}") = "NMTest.DataSource", "NMTest.DataSource\NMTest.DataSource.csproj", "{CDF19269-DDE6-4EEB-AF7D-3E00ECB8CB3D}"
EndProject
Project("{FAE04EC0-301F-11D3-BF4B-00C04F79EFBC}") = "NMTest.Sample", "NMTest.Sample\NMTest.Sample.csproj", "{610982E1-625F-4A6F-AF66-4B174B7CDC9E}"
EndProject
Project("{FAE04EC0-301F-11D3-BF4B-00C04F79EFBC}") = "NMTest.Test", "NMTest.Test\NMTest.Test.csproj", "{9E5A8BFF-BFAA-4E70-A15A-89CFCB68D8BE}"
EndProject
Global
	GlobalSection(SolutionConfigurationPlatforms) = preSolution
		Debug|Any CPU = Debug|Any CPU
		Release|Any CPU = Release|Any CPU
	EndGlobalSection
	GlobalSection(SolutionProperties) = preSolution
		HideSolutionNode = FALSE
	EndGlobalSection
	GlobalSection(ProjectConfigurationPlatforms) = postSolution
		{CDF19269-DDE6-4EEB-AF7D-3E00ECB8CB3D}.Debug|Any CPU.ActiveCfg = Debug|Any CPU
		{CDF19269-DDE6-4EEB-AF7D-3E00ECB8CB3D}.Debug|Any CPU.Build.0 = Debug|Any CPU
		{CDF19269-DDE6-4EEB-AF7D-3E00ECB8CB3D}.Release|Any CPU.ActiveCfg = Release|Any CPU
		{CDF19269-DDE6-4EEB-AF7D-3E00ECB8CB3D}.Release|Any CPU.Build.0 = Release|Any CPU
		{610982E1-625F-4A6F-AF66-4B174B7CDC9E}.Debug|Any CPU.ActiveCfg = Debug|Any CPU
		{610982E1-625F-4A6F-AF66-4B174B7CDC9E}.Debug|Any CPU.Build.0 = Debug|Any CPU
		{610982E1-625F-4A6F-AF66-4B174B7CDC9E}.Release|Any CPU.ActiveCfg = Release|Any CPU
		{610982E1-625F-4A6F-AF66-4B174B7CDC9E}.Release|Any CPU.Build.0 = Release|Any CPU
		{9E5A8BFF-BFAA-4E70-A15A-89CFCB68D8BE}.Debug|Any CPU.ActiveCfg = Debug|Any CPU
		{9E5A8BFF-BFAA-4E70-A15A-89CFCB68D8BE}.Debug|Any CPU.Build.0 = Debug|Any CPU
		{9E5A8BFF-BFAA-4E70-A15A-89CFCB68D8BE}.Release|Any CPU.ActiveCfg = Release|Any CPU
		{9E5A8BFF-BFAA-4E70-A15A-89CFCB68D8BE}.Release|Any CPU.Build.0 = Release|Any CPU
	EndGlobalSection
EndGlobal
